{
  "pins" : [
    {
      "identity" : "collectionviewpaginglayout",
      "kind" : "remoteSourceControl",
      "location" : "https://github.com/amirdew/CollectionViewPagingLayout",
      "state" : {
        "revision" : "4bdec327535470c8d9765d190625b13e99b87db5",
        "version" : "1.1.0"
      }
    },
    {
      "identity" : "confettiswiftui",
      "kind" : "remoteSourceControl",
      "location" : "https://github.com/simibac/ConfettiSwiftUI.git",
      "state" : {
        "revision" : "f45961f97bbae6fff6e2e64546fea0189425ad92",
        "version" : "1.1.0"
      }
    },
    {
      "identity" : "cosmos",
      "kind" : "remoteSourceControl",
      "location" : "https://github.com/evgenyneu/Cosmos",
      "state" : {
        "branch" : "master",
        "revision" : "cce521e734d0090494bd4afab5fd2e2f2465c1af"
      }
    },
    {
      "identity" : "keychainaccess",
      "kind" : "remoteSourceControl",
      "location" : "https://github.com/kishikawakatsumi/KeychainAccess",
      "state" : {
        "revision" : "84e546727d66f1adc5439debad16270d0fdd04e7",
        "version" : "4.2.2"
      }
    },
    {
      "identity" : "nuke",
      "kind" : "remoteSourceControl",
      "location" : "https://github.com/kean/Nuke",
      "state" : {
        "revision" : "3f666f120b63ea7de57d42e9a7c9b47f8e7a290b",
        "version" : "12.1.6"
      }
    }
  ],
  "version" : 2
}
