{
  "pins" : [
    {
      "identity" : "cosmos",
      "kind" : "remoteSourceControl",
      "location" : "https://github.com/evgenyneu/Cosmos.git",
      "state" : {
        "branch" : "master",
        "revision" : "1d722aefaba9eafa22e32da46ce473e051c4e445"
      }
    },
    {
      "identity" : "nuke",
      "kind" : "remoteSourceControl",
      "location" : "https://github.com/kean/Nuke.git",
      "state" : {
        "revision" : "0ead44350d2737db384908569c012fe67c421e4d",
        "version" : "12.8.0"
      }
    }
  ],
  "version" : 2
}
